
Microsoft Visual Studio Solution File, Format Version 12.00
# Visual Studio Version 17
VisualStudioVersion = 17.6.33829.357
MinimumVisualStudioVersion = 10.0.40219.1
Project("{FAE04EC0-301F-11D3-BF4B-00C04F79EFBC}") = "A-2", "A-2\A-2.csproj", "{0EC1907E-3AAB-4972-8CFC-705DE0338D1E}"
EndProject
Global
	GlobalSection(SolutionConfigurationPlatforms) = preSolution
		Debug|Any CPU = Debug|Any CPU
		Release|Any CPU = Release|Any CPU
	EndGlobalSection
	GlobalSection(ProjectConfigurationPlatforms) = postSolution
		{0EC1907E-3AAB-4972-8CFC-705DE0338D1E}.Debug|Any CPU.ActiveCfg = Debug|Any CPU
		{0EC1907E-3AAB-4972-8CFC-705DE0338D1E}.Debug|Any CPU.Build.0 = Debug|Any CPU
		{0EC1907E-3AAB-4972-8CFC-705DE0338D1E}.Release|Any CPU.ActiveCfg = Release|Any CPU
		{0EC1907E-3AAB-4972-8CFC-705DE0338D1E}.Release|Any CPU.Build.0 = Release|Any CPU
	EndGlobalSection
	GlobalSection(SolutionProperties) = preSolution
		HideSolutionNode = FALSE
	EndGlobalSection
	GlobalSection(ExtensibilityGlobals) = postSolution
		SolutionGuid = {0819BEC1-F939-4046-9B91-7F358BC4B299}
	EndGlobalSection
EndGlobal
